
Microsoft Visual Studio Solution File, Format Version 12.00
# Visual Studio Version 16
VisualStudioVersion = 16.0.30804.86
MinimumVisualStudioVersion = 10.0.40219.1
Project("{FAE04EC0-301F-11D3-BF4B-00C04F79EFBC}") = "Flappy Bird Game", "Flappy Bird Game\Flappy Bird Game.csproj", "{938A6D4C-C94D-4797-9AA6-1C1A251FE324}"
EndProject
Global
	GlobalSection(SolutionConfigurationPlatforms) = preSolution
		Debug|Any CPU = Debug|Any CPU
		Release|Any CPU = Release|Any CPU
	EndGlobalSection
	GlobalSection(ProjectConfigurationPlatforms) = postSolution
		{938A6D4C-C94D-4797-9AA6-1C1A251FE324}.Debug|Any CPU.ActiveCfg = Debug|Any CPU
		{938A6D4C-C94D-4797-9AA6-1C1A251FE324}.Debug|Any CPU.Build.0 = Debug|Any CPU
		{938A6D4C-C94D-4797-9AA6-1C1A251FE324}.Release|Any CPU.ActiveCfg = Release|Any CPU
		{938A6D4C-C94D-4797-9AA6-1C1A251FE324}.Release|Any CPU.Build.0 = Release|Any CPU
	EndGlobalSection
	GlobalSection(SolutionProperties) = preSolution
		HideSolutionNode = FALSE
	EndGlobalSection
	GlobalSection(ExtensibilityGlobals) = postSolution
		SolutionGuid = {C6C6BFB1-4CD6-4F55-9760-4CE951619AF6}
	EndGlobalSection
EndGlobal
